// !$*UTF8*$!
{
	archiveVersion = 1;
	classes = {
	};
	objectVersion = 46;
	objects = {

/* Begin PBXBuildFile section */
		696FFDF31A2FF4C700068C8E /* JSONKit.m in Sources */ = {isa = PBXBuildFile; fileRef = 696FFDF11A2FF4C700068C8E /* JSONKit.m */; };
		696FFE041A2FF5D000068C8E /* QiniuPutExtra.m in Sources */ = {isa = PBXBuildFile; fileRef = 696FFDFC1A2FF5D000068C8E /* QiniuPutExtra.m */; };
		696FFE051A2FF5D000068C8E /* QiniuPutPolicy.m in Sources */ = {isa = PBXBuildFile; fileRef = 696FFDFE1A2FF5D000068C8E /* QiniuPutPolicy.m */; };
		696FFE061A2FF5D000068C8E /* QiniuSimpleUploader.m in Sources */ = {isa = PBXBuildFile; fileRef = 696FFE001A2FF5D000068C8E /* QiniuSimpleUploader.m */; };
		696FFE071A2FF5D000068C8E /* QiniuUtils.m in Sources */ = {isa = PBXBuildFile; fileRef = 696FFE031A2FF5D000068C8E /* QiniuUtils.m */; };
		6992783B1A2D6298007E0854 /* libVendors.a in Frameworks */ = {isa = PBXBuildFile; fileRef = 6992782F1A2D6298007E0854 /* libVendors.a */; };
		699278D41A2D65A4007E0854 /* UIKit.framework in Frameworks */ = {isa = PBXBuildFile; fileRef = 699278D31A2D65A4007E0854 /* UIKit.framework */; };
		699278D61A2D65AE007E0854 /* Foundation.framework in Frameworks */ = {isa = PBXBuildFile; fileRef = 699278D51A2D65AE007E0854 /* Foundation.framework */; };
		699278D81A2D65B3007E0854 /* CoreGraphics.framework in Frameworks */ = {isa = PBXBuildFile; fileRef = 699278D71A2D65B3007E0854 /* CoreGraphics.framework */; };
		699279911A2DB485007E0854 /* ASIAuthenticationDialog.m in Sources */ = {isa = PBXBuildFile; fileRef = 699279631A2DB484007E0854 /* ASIAuthenticationDialog.m */; };
		699279921A2DB485007E0854 /* ASIDataCompressor.m in Sources */ = {isa = PBXBuildFile; fileRef = 699279661A2DB484007E0854 /* ASIDataCompressor.m */; };
		699279931A2DB485007E0854 /* ASIDataDecompressor.m in Sources */ = {isa = PBXBuildFile; fileRef = 699279681A2DB484007E0854 /* ASIDataDecompressor.m */; };
		699279941A2DB485007E0854 /* ASIDownloadCache.m in Sources */ = {isa = PBXBuildFile; fileRef = 6992796A1A2DB484007E0854 /* ASIDownloadCache.m */; };
		699279951A2DB485007E0854 /* ASIFormDataRequest.m in Sources */ = {isa = PBXBuildFile; fileRef = 6992796C1A2DB484007E0854 /* ASIFormDataRequest.m */; };
		699279961A2DB485007E0854 /* ASIHTTPRequest.m in Sources */ = {isa = PBXBuildFile; fileRef = 6992796E1A2DB484007E0854 /* ASIHTTPRequest.m */; };
		699279971A2DB485007E0854 /* ASIInputStream.m in Sources */ = {isa = PBXBuildFile; fileRef = 699279721A2DB484007E0854 /* ASIInputStream.m */; };
		699279981A2DB485007E0854 /* ASINetworkQueue.m in Sources */ = {isa = PBXBuildFile; fileRef = 699279741A2DB485007E0854 /* ASINetworkQueue.m */; };
		699279991A2DB485007E0854 /* GDataXMLNode.m in Sources */ = {isa = PBXBuildFile; fileRef = 699279771A2DB485007E0854 /* GDataXMLNode.m */; };
		6992799A1A2DB485007E0854 /* Reachability.m in Sources */ = {isa = PBXBuildFile; fileRef = 699279791A2DB485007E0854 /* Reachability.m */; };
		6992799C1A2DB485007E0854 /* NSObject+JSON.m in Sources */ = {isa = PBXBuildFile; fileRef = 699279801A2DB485007E0854 /* NSObject+JSON.m */; };
		6992799D1A2DB485007E0854 /* SBJsonParser.m in Sources */ = {isa = PBXBuildFile; fileRef = 699279821A2DB485007E0854 /* SBJsonParser.m */; };
		6992799E1A2DB485007E0854 /* SBJsonStreamParser.m in Sources */ = {isa = PBXBuildFile; fileRef = 699279841A2DB485007E0854 /* SBJsonStreamParser.m */; };
		6992799F1A2DB485007E0854 /* SBJsonStreamParserAdapter.m in Sources */ = {isa = PBXBuildFile; fileRef = 699279861A2DB485007E0854 /* SBJsonStreamParserAdapter.m */; };
		699279A01A2DB485007E0854 /* SBJsonStreamParserState.m in Sources */ = {isa = PBXBuildFile; fileRef = 699279881A2DB485007E0854 /* SBJsonStreamParserState.m */; };
		699279A11A2DB485007E0854 /* SBJsonStreamWriter.m in Sources */ = {isa = PBXBuildFile; fileRef = 6992798A1A2DB485007E0854 /* SBJsonStreamWriter.m */; };
		699279A21A2DB485007E0854 /* SBJsonStreamWriterState.m in Sources */ = {isa = PBXBuildFile; fileRef = 6992798C1A2DB485007E0854 /* SBJsonStreamWriterState.m */; };
		699279A31A2DB485007E0854 /* SBJsonTokeniser.m in Sources */ = {isa = PBXBuildFile; fileRef = 6992798E1A2DB485007E0854 /* SBJsonTokeniser.m */; };
		699279A41A2DB485007E0854 /* SBJsonWriter.m in Sources */ = {isa = PBXBuildFile; fileRef = 699279901A2DB485007E0854 /* SBJsonWriter.m */; };
		699279A91A2DBBA0007E0854 /* FFCache.m in Sources */ = {isa = PBXBuildFile; fileRef = 699279A81A2DBBA0007E0854 /* FFCache.m */; };
		699279B41A2DC007007E0854 /* MLNavigationController.m in Sources */ = {isa = PBXBuildFile; fileRef = 699279B31A2DC007007E0854 /* MLNavigationController.m */; };
		69AC4D061A2E9B15007CCEF6 /* leftside_shadow_bg@2x.png in Resources */ = {isa = PBXBuildFile; fileRef = 699279B11A2DC007007E0854 /* leftside_shadow_bg@2x.png */; };
		69AC4D0F1A2E9E26007CCEF6 /* NSAttributedString+Attributes.m in Sources */ = {isa = PBXBuildFile; fileRef = 69AC4D0B1A2E9E26007CCEF6 /* NSAttributedString+Attributes.m */; };
		69AC4D101A2E9E26007CCEF6 /* OHAttributedLabel.m in Sources */ = {isa = PBXBuildFile; fileRef = 69AC4D0D1A2E9E26007CCEF6 /* OHAttributedLabel.m */; };
		69AC4D1B1A2EA17C007CCEF6 /* OpenUDID.m in Sources */ = {isa = PBXBuildFile; fileRef = 69AC4D191A2EA17C007CCEF6 /* OpenUDID.m */; };
		69AC4D3E1A2EA615007CCEF6 /* UIView+TKCategory.m in Sources */ = {isa = PBXBuildFile; fileRef = 69AC4D3B1A2EA614007CCEF6 /* UIView+TKCategory.m */; };
		69AC4D3F1A2EA615007CCEF6 /* TKAlertCenter.m in Sources */ = {isa = PBXBuildFile; fileRef = 69AC4D3D1A2EA614007CCEF6 /* TKAlertCenter.m */; };
		69BE2BD51B69BE4900D3ADA4 /* AppleOpenALSupport.c in Sources */ = {isa = PBXBuildFile; fileRef = 69BE2BB81B69BB5000D3ADA4 /* AppleOpenALSupport.c */; };
		69BE2BD71B69BE5400D3ADA4 /* CMOpenALSound.m in Sources */ = {isa = PBXBuildFile; fileRef = 69BE2BBB1B69BB5000D3ADA4 /* CMOpenALSound.m */; };
		69BE2BD81B69BE5700D3ADA4 /* CMOpenALSoundManager.m in Sources */ = {isa = PBXBuildFile; fileRef = 69BE2BBD1B69BB5000D3ADA4 /* CMOpenALSoundManager.m */; };
		69BE2BD91B69BE5D00D3ADA4 /* DebugOutput.m in Sources */ = {isa = PBXBuildFile; fileRef = 69BE2BC01B69BB5000D3ADA4 /* DebugOutput.m */; };
		69BE2C111B69D40400D3ADA4 /* MeBase64.m in Sources */ = {isa = PBXBuildFile; fileRef = 69BE2C101B69D40400D3ADA4 /* MeBase64.m */; };
		69BE2C371B69F45D00D3ADA4 /* QiniuGTMBase64.m in Sources */ = {isa = PBXBuildFile; fileRef = 69BE2C361B69F45D00D3ADA4 /* QiniuGTMBase64.m */; };
/* End PBXBuildFile section */

/* Begin PBXContainerItemProxy section */
		6992783C1A2D6298007E0854 /* PBXContainerItemProxy */ = {
			isa = PBXContainerItemProxy;
			containerPortal = 699278271A2D6298007E0854 /* Project object */;
			proxyType = 1;
			remoteGlobalIDString = 6992782E1A2D6298007E0854;
			remoteInfo = Vendors;
		};
/* End PBXContainerItemProxy section */

/* Begin PBXCopyFilesBuildPhase section */
		6992782D1A2D6298007E0854 /* Copy Files */ = {
			isa = PBXCopyFilesBuildPhase;
			buildActionMask = 12;
			dstPath = "include/$(PRODUCT_NAME)";
			dstSubfolderSpec = 16;
			files = (
			);
			name = "Copy Files";
			runOnlyForDeploymentPostprocessing = 0;
		};
/* End PBXCopyFilesBuildPhase section */

/* Begin PBXFileReference section */
		696FFDF01A2FF4C700068C8E /* JSONKit.h */ = {isa = PBXFileReference; fileEncoding = 4; lastKnownFileType = sourcecode.c.h; path = JSONKit.h; sourceTree = "<group>"; };
		696FFDF11A2FF4C700068C8E /* JSONKit.m */ = {isa = PBXFileReference; fileEncoding = 4; lastKnownFileType = sourcecode.c.objc; path = JSONKit.m; sourceTree = "<group>"; };
		696FFDF21A2FF4C700068C8E /* README.md */ = {isa = PBXFileReference; fileEncoding = 4; lastKnownFileType = net.daringfireball.markdown; path = README.md; sourceTree = "<group>"; };
		696FFDF81A2FF4D000068C8E /* GTMDefines.h */ = {isa = PBXFileReference; fileEncoding = 4; lastKnownFileType = sourcecode.c.h; path = GTMDefines.h; sourceTree = "<group>"; };
		696FFDFA1A2FF5D000068C8E /* QiniuConfig.h */ = {isa = PBXFileReference; fileEncoding = 4; lastKnownFileType = sourcecode.c.h; path = QiniuConfig.h; sourceTree = "<group>"; };
		696FFDFB1A2FF5D000068C8E /* QiniuPutExtra.h */ = {isa = PBXFileReference; fileEncoding = 4; lastKnownFileType = sourcecode.c.h; path = QiniuPutExtra.h; sourceTree = "<group>"; };
		696FFDFC1A2FF5D000068C8E /* QiniuPutExtra.m */ = {isa = PBXFileReference; fileEncoding = 4; lastKnownFileType = sourcecode.c.objc; path = QiniuPutExtra.m; sourceTree = "<group>"; };
		696FFDFD1A2FF5D000068C8E /* QiniuPutPolicy.h */ = {isa = PBXFileReference; fileEncoding = 4; lastKnownFileType = sourcecode.c.h; path = QiniuPutPolicy.h; sourceTree = "<group>"; };
		696FFDFE1A2FF5D000068C8E /* QiniuPutPolicy.m */ = {isa = PBXFileReference; fileEncoding = 4; lastKnownFileType = sourcecode.c.objc; path = QiniuPutPolicy.m; sourceTree = "<group>"; };
		696FFDFF1A2FF5D000068C8E /* QiniuSimpleUploader.h */ = {isa = PBXFileReference; fileEncoding = 4; lastKnownFileType = sourcecode.c.h; path = QiniuSimpleUploader.h; sourceTree = "<group>"; };
		696FFE001A2FF5D000068C8E /* QiniuSimpleUploader.m */ = {isa = PBXFileReference; fileEncoding = 4; lastKnownFileType = sourcecode.c.objc; path = QiniuSimpleUploader.m; sourceTree = "<group>"; };
		696FFE011A2FF5D000068C8E /* QiniuUploadDelegate.h */ = {isa = PBXFileReference; fileEncoding = 4; lastKnownFileType = sourcecode.c.h; path = QiniuUploadDelegate.h; sourceTree = "<group>"; };
		696FFE021A2FF5D000068C8E /* QiniuUtils.h */ = {isa = PBXFileReference; fileEncoding = 4; lastKnownFileType = sourcecode.c.h; path = QiniuUtils.h; sourceTree = "<group>"; };
		696FFE031A2FF5D000068C8E /* QiniuUtils.m */ = {isa = PBXFileReference; fileEncoding = 4; lastKnownFileType = sourcecode.c.objc; path = QiniuUtils.m; sourceTree = "<group>"; };
		6992782F1A2D6298007E0854 /* libVendors.a */ = {isa = PBXFileReference; explicitFileType = archive.ar; includeInIndex = 0; path = libVendors.a; sourceTree = BUILT_PRODUCTS_DIR; };
		6992783A1A2D6298007E0854 /* VendorsTests.xctest */ = {isa = PBXFileReference; explicitFileType = wrapper.cfbundle; includeInIndex = 0; path = VendorsTests.xctest; sourceTree = BUILT_PRODUCTS_DIR; };
		699278401A2D6298007E0854 /* Info.plist */ = {isa = PBXFileReference; lastKnownFileType = text.plist.xml; path = Info.plist; sourceTree = "<group>"; };
		699278D11A2D64D1007E0854 /* Vendors-Prefix.pch */ = {isa = PBXFileReference; lastKnownFileType = sourcecode.c.h; path = "Vendors-Prefix.pch"; sourceTree = "<group>"; };
		699278D31A2D65A4007E0854 /* UIKit.framework */ = {isa = PBXFileReference; lastKnownFileType = wrapper.framework; name = UIKit.framework; path = System/Library/Frameworks/UIKit.framework; sourceTree = SDKROOT; };
		699278D51A2D65AE007E0854 /* Foundation.framework */ = {isa = PBXFileReference; lastKnownFileType = wrapper.framework; name = Foundation.framework; path = System/Library/Frameworks/Foundation.framework; sourceTree = SDKROOT; };
		699278D71A2D65B3007E0854 /* CoreGraphics.framework */ = {isa = PBXFileReference; lastKnownFileType = wrapper.framework; name = CoreGraphics.framework; path = System/Library/Frameworks/CoreGraphics.framework; sourceTree = SDKROOT; };
		699279621A2DB484007E0854 /* ASIAuthenticationDialog.h */ = {isa = PBXFileReference; fileEncoding = 4; lastKnownFileType = sourcecode.c.h; path = ASIAuthenticationDialog.h; sourceTree = "<group>"; };
		699279631A2DB484007E0854 /* ASIAuthenticationDialog.m */ = {isa = PBXFileReference; fileEncoding = 4; lastKnownFileType = sourcecode.c.objc; path = ASIAuthenticationDialog.m; sourceTree = "<group>"; };
		699279641A2DB484007E0854 /* ASICacheDelegate.h */ = {isa = PBXFileReference; fileEncoding = 4; lastKnownFileType = sourcecode.c.h; path = ASICacheDelegate.h; sourceTree = "<group>"; };
		699279651A2DB484007E0854 /* ASIDataCompressor.h */ = {isa = PBXFileReference; fileEncoding = 4; lastKnownFileType = sourcecode.c.h; path = ASIDataCompressor.h; sourceTree = "<group>"; };
		699279661A2DB484007E0854 /* ASIDataCompressor.m */ = {isa = PBXFileReference; fileEncoding = 4; lastKnownFileType = sourcecode.c.objc; path = ASIDataCompressor.m; sourceTree = "<group>"; };
		699279671A2DB484007E0854 /* ASIDataDecompressor.h */ = {isa = PBXFileReference; fileEncoding = 4; lastKnownFileType = sourcecode.c.h; path = ASIDataDecompressor.h; sourceTree = "<group>"; };
		699279681A2DB484007E0854 /* ASIDataDecompressor.m */ = {isa = PBXFileReference; fileEncoding = 4; lastKnownFileType = sourcecode.c.objc; path = ASIDataDecompressor.m; sourceTree = "<group>"; };
		699279691A2DB484007E0854 /* ASIDownloadCache.h */ = {isa = PBXFileReference; fileEncoding = 4; lastKnownFileType = sourcecode.c.h; path = ASIDownloadCache.h; sourceTree = "<group>"; };
		6992796A1A2DB484007E0854 /* ASIDownloadCache.m */ = {isa = PBXFileReference; fileEncoding = 4; lastKnownFileType = sourcecode.c.objc; path = ASIDownloadCache.m; sourceTree = "<group>"; };
		6992796B1A2DB484007E0854 /* ASIFormDataRequest.h */ = {isa = PBXFileReference; fileEncoding = 4; lastKnownFileType = sourcecode.c.h; path = ASIFormDataRequest.h; sourceTree = "<group>"; };
		6992796C1A2DB484007E0854 /* ASIFormDataRequest.m */ = {isa = PBXFileReference; fileEncoding = 4; lastKnownFileType = sourcecode.c.objc; path = ASIFormDataRequest.m; sourceTree = "<group>"; };
		6992796D1A2DB484007E0854 /* ASIHTTPRequest.h */ = {isa = PBXFileReference; fileEncoding = 4; lastKnownFileType = sourcecode.c.h; path = ASIHTTPRequest.h; sourceTree = "<group>"; };
		6992796E1A2DB484007E0854 /* ASIHTTPRequest.m */ = {isa = PBXFileReference; fileEncoding = 4; lastKnownFileType = sourcecode.c.objc; path = ASIHTTPRequest.m; sourceTree = "<group>"; };
		6992796F1A2DB484007E0854 /* ASIHTTPRequestConfig.h */ = {isa = PBXFileReference; fileEncoding = 4; lastKnownFileType = sourcecode.c.h; path = ASIHTTPRequestConfig.h; sourceTree = "<group>"; };
		699279701A2DB484007E0854 /* ASIHTTPRequestDelegate.h */ = {isa = PBXFileReference; fileEncoding = 4; lastKnownFileType = sourcecode.c.h; path = ASIHTTPRequestDelegate.h; sourceTree = "<group>"; };
		699279711A2DB484007E0854 /* ASIInputStream.h */ = {isa = PBXFileReference; fileEncoding = 4; lastKnownFileType = sourcecode.c.h; path = ASIInputStream.h; sourceTree = "<group>"; };
		699279721A2DB484007E0854 /* ASIInputStream.m */ = {isa = PBXFileReference; fileEncoding = 4; lastKnownFileType = sourcecode.c.objc; path = ASIInputStream.m; sourceTree = "<group>"; };
		699279731A2DB485007E0854 /* ASINetworkQueue.h */ = {isa = PBXFileReference; fileEncoding = 4; lastKnownFileType = sourcecode.c.h; path = ASINetworkQueue.h; sourceTree = "<group>"; };
		699279741A2DB485007E0854 /* ASINetworkQueue.m */ = {isa = PBXFileReference; fileEncoding = 4; lastKnownFileType = sourcecode.c.objc; path = ASINetworkQueue.m; sourceTree = "<group>"; };
		699279751A2DB485007E0854 /* ASIProgressDelegate.h */ = {isa = PBXFileReference; fileEncoding = 4; lastKnownFileType = sourcecode.c.h; path = ASIProgressDelegate.h; sourceTree = "<group>"; };
		699279761A2DB485007E0854 /* GDataXMLNode.h */ = {isa = PBXFileReference; fileEncoding = 4; lastKnownFileType = sourcecode.c.h; path = GDataXMLNode.h; sourceTree = "<group>"; };
		699279771A2DB485007E0854 /* GDataXMLNode.m */ = {isa = PBXFileReference; fileEncoding = 4; lastKnownFileType = sourcecode.c.objc; path = GDataXMLNode.m; sourceTree = "<group>"; };
		699279781A2DB485007E0854 /* Reachability.h */ = {isa = PBXFileReference; fileEncoding = 4; lastKnownFileType = sourcecode.c.h; path = Reachability.h; sourceTree = "<group>"; };
		699279791A2DB485007E0854 /* Reachability.m */ = {isa = PBXFileReference; fileEncoding = 4; lastKnownFileType = sourcecode.c.objc; path = Reachability.m; sourceTree = "<group>"; };
		6992797E1A2DB485007E0854 /* JSON.h */ = {isa = PBXFileReference; fileEncoding = 4; lastKnownFileType = sourcecode.c.h; path = JSON.h; sourceTree = "<group>"; };
		6992797F1A2DB485007E0854 /* NSObject+JSON.h */ = {isa = PBXFileReference; fileEncoding = 4; lastKnownFileType = sourcecode.c.h; path = "NSObject+JSON.h"; sourceTree = "<group>"; };
		699279801A2DB485007E0854 /* NSObject+JSON.m */ = {isa = PBXFileReference; fileEncoding = 4; lastKnownFileType = sourcecode.c.objc; path = "NSObject+JSON.m"; sourceTree = "<group>"; };
		699279811A2DB485007E0854 /* SBJsonParser.h */ = {isa = PBXFileReference; fileEncoding = 4; lastKnownFileType = sourcecode.c.h; path = SBJsonParser.h; sourceTree = "<group>"; };
		699279821A2DB485007E0854 /* SBJsonParser.m */ = {isa = PBXFileReference; fileEncoding = 4; lastKnownFileType = sourcecode.c.objc; path = SBJsonParser.m; sourceTree = "<group>"; };
		699279831A2DB485007E0854 /* SBJsonStreamParser.h */ = {isa = PBXFileReference; fileEncoding = 4; lastKnownFileType = sourcecode.c.h; path = SBJsonStreamParser.h; sourceTree = "<group>"; };
		699279841A2DB485007E0854 /* SBJsonStreamParser.m */ = {isa = PBXFileReference; fileEncoding = 4; lastKnownFileType = sourcecode.c.objc; path = SBJsonStreamParser.m; sourceTree = "<group>"; };
		699279851A2DB485007E0854 /* SBJsonStreamParserAdapter.h */ = {isa = PBXFileReference; fileEncoding = 4; lastKnownFileType = sourcecode.c.h; path = SBJsonStreamParserAdapter.h; sourceTree = "<group>"; };
		699279861A2DB485007E0854 /* SBJsonStreamParserAdapter.m */ = {isa = PBXFileReference; fileEncoding = 4; lastKnownFileType = sourcecode.c.objc; path = SBJsonStreamParserAdapter.m; sourceTree = "<group>"; };
		699279871A2DB485007E0854 /* SBJsonStreamParserState.h */ = {isa = PBXFileReference; fileEncoding = 4; lastKnownFileType = sourcecode.c.h; path = SBJsonStreamParserState.h; sourceTree = "<group>"; };
		699279881A2DB485007E0854 /* SBJsonStreamParserState.m */ = {isa = PBXFileReference; fileEncoding = 4; lastKnownFileType = sourcecode.c.objc; path = SBJsonStreamParserState.m; sourceTree = "<group>"; };
		699279891A2DB485007E0854 /* SBJsonStreamWriter.h */ = {isa = PBXFileReference; fileEncoding = 4; lastKnownFileType = sourcecode.c.h; path = SBJsonStreamWriter.h; sourceTree = "<group>"; };
		6992798A1A2DB485007E0854 /* SBJsonStreamWriter.m */ = {isa = PBXFileReference; fileEncoding = 4; lastKnownFileType = sourcecode.c.objc; path = SBJsonStreamWriter.m; sourceTree = "<group>"; };
		6992798B1A2DB485007E0854 /* SBJsonStreamWriterState.h */ = {isa = PBXFileReference; fileEncoding = 4; lastKnownFileType = sourcecode.c.h; path = SBJsonStreamWriterState.h; sourceTree = "<group>"; };
		6992798C1A2DB485007E0854 /* SBJsonStreamWriterState.m */ = {isa = PBXFileReference; fileEncoding = 4; lastKnownFileType = sourcecode.c.objc; path = SBJsonStreamWriterState.m; sourceTree = "<group>"; };
		6992798D1A2DB485007E0854 /* SBJsonTokeniser.h */ = {isa = PBXFileReference; fileEncoding = 4; lastKnownFileType = sourcecode.c.h; path = SBJsonTokeniser.h; sourceTree = "<group>"; };
		6992798E1A2DB485007E0854 /* SBJsonTokeniser.m */ = {isa = PBXFileReference; fileEncoding = 4; lastKnownFileType = sourcecode.c.objc; path = SBJsonTokeniser.m; sourceTree = "<group>"; };
		6992798F1A2DB485007E0854 /* SBJsonWriter.h */ = {isa = PBXFileReference; fileEncoding = 4; lastKnownFileType = sourcecode.c.h; path = SBJsonWriter.h; sourceTree = "<group>"; };
		699279901A2DB485007E0854 /* SBJsonWriter.m */ = {isa = PBXFileReference; fileEncoding = 4; lastKnownFileType = sourcecode.c.objc; path = SBJsonWriter.m; sourceTree = "<group>"; };
		699279A71A2DBBA0007E0854 /* FFCache.h */ = {isa = PBXFileReference; fileEncoding = 4; lastKnownFileType = sourcecode.c.h; path = FFCache.h; sourceTree = "<group>"; };
		699279A81A2DBBA0007E0854 /* FFCache.m */ = {isa = PBXFileReference; fileEncoding = 4; lastKnownFileType = sourcecode.c.objc; path = FFCache.m; sourceTree = "<group>"; };
		699279B11A2DC007007E0854 /* leftside_shadow_bg@2x.png */ = {isa = PBXFileReference; lastKnownFileType = image.png; path = "leftside_shadow_bg@2x.png"; sourceTree = "<group>"; };
		699279B21A2DC007007E0854 /* MLNavigationController.h */ = {isa = PBXFileReference; fileEncoding = 4; lastKnownFileType = sourcecode.c.h; path = MLNavigationController.h; sourceTree = "<group>"; };
		699279B31A2DC007007E0854 /* MLNavigationController.m */ = {isa = PBXFileReference; fileEncoding = 4; lastKnownFileType = sourcecode.c.objc; path = MLNavigationController.m; sourceTree = "<group>"; };
		699279C71A2DDD41007E0854 /* VendorsResources.bundle */ = {isa = PBXFileReference; explicitFileType = wrapper.cfbundle; includeInIndex = 0; path = VendorsResources.bundle; sourceTree = BUILT_PRODUCTS_DIR; };
		699279CA1A2DDD41007E0854 /* Info.plist */ = {isa = PBXFileReference; lastKnownFileType = text.plist.xml; path = Info.plist; sourceTree = "<group>"; };
		69AC4D091A2E9E26007CCEF6 /* LICENSE */ = {isa = PBXFileReference; fileEncoding = 4; lastKnownFileType = text; path = LICENSE; sourceTree = "<group>"; };
		69AC4D0A1A2E9E26007CCEF6 /* NSAttributedString+Attributes.h */ = {isa = PBXFileReference; fileEncoding = 4; lastKnownFileType = sourcecode.c.h; path = "NSAttributedString+Attributes.h"; sourceTree = "<group>"; };
		69AC4D0B1A2E9E26007CCEF6 /* NSAttributedString+Attributes.m */ = {isa = PBXFileReference; fileEncoding = 4; lastKnownFileType = sourcecode.c.objc; path = "NSAttributedString+Attributes.m"; sourceTree = "<group>"; };
		69AC4D0C1A2E9E26007CCEF6 /* OHAttributedLabel.h */ = {isa = PBXFileReference; fileEncoding = 4; lastKnownFileType = sourcecode.c.h; path = OHAttributedLabel.h; sourceTree = "<group>"; };
		69AC4D0D1A2E9E26007CCEF6 /* OHAttributedLabel.m */ = {isa = PBXFileReference; fileEncoding = 4; lastKnownFileType = sourcecode.c.objc; path = OHAttributedLabel.m; sourceTree = "<group>"; };
		69AC4D0E1A2E9E26007CCEF6 /* README.md */ = {isa = PBXFileReference; fileEncoding = 4; lastKnownFileType = net.daringfireball.markdown; path = README.md; sourceTree = "<group>"; };
		69AC4D181A2EA17C007CCEF6 /* OpenUDID.h */ = {isa = PBXFileReference; fileEncoding = 4; lastKnownFileType = sourcecode.c.h; path = OpenUDID.h; sourceTree = "<group>"; };
		69AC4D191A2EA17C007CCEF6 /* OpenUDID.m */ = {isa = PBXFileReference; fileEncoding = 4; lastKnownFileType = sourcecode.c.objc; path = OpenUDID.m; sourceTree = "<group>"; };
		69AC4D1A1A2EA17C007CCEF6 /* README.md */ = {isa = PBXFileReference; fileEncoding = 4; lastKnownFileType = net.daringfireball.markdown; path = README.md; sourceTree = "<group>"; };
		69AC4D3A1A2EA614007CCEF6 /* UIView+TKCategory.h */ = {isa = PBXFileReference; fileEncoding = 4; lastKnownFileType = sourcecode.c.h; path = "UIView+TKCategory.h"; sourceTree = "<group>"; };
		69AC4D3B1A2EA614007CCEF6 /* UIView+TKCategory.m */ = {isa = PBXFileReference; fileEncoding = 4; lastKnownFileType = sourcecode.c.objc; path = "UIView+TKCategory.m"; sourceTree = "<group>"; };
		69AC4D3C1A2EA614007CCEF6 /* TKAlertCenter.h */ = {isa = PBXFileReference; fileEncoding = 4; lastKnownFileType = sourcecode.c.h; path = TKAlertCenter.h; sourceTree = "<group>"; };
		69AC4D3D1A2EA614007CCEF6 /* TKAlertCenter.m */ = {isa = PBXFileReference; fileEncoding = 4; lastKnownFileType = sourcecode.c.objc; path = TKAlertCenter.m; sourceTree = "<group>"; };
		69BE2BB81B69BB5000D3ADA4 /* AppleOpenALSupport.c */ = {isa = PBXFileReference; fileEncoding = 4; lastKnownFileType = sourcecode.c.c; path = AppleOpenALSupport.c; sourceTree = "<group>"; };
		69BE2BB91B69BB5000D3ADA4 /* AppleOpenALSupport.h */ = {isa = PBXFileReference; fileEncoding = 4; lastKnownFileType = sourcecode.c.h; path = AppleOpenALSupport.h; sourceTree = "<group>"; };
		69BE2BBA1B69BB5000D3ADA4 /* CMOpenALSound.h */ = {isa = PBXFileReference; fileEncoding = 4; lastKnownFileType = sourcecode.c.h; path = CMOpenALSound.h; sourceTree = "<group>"; };
		69BE2BBB1B69BB5000D3ADA4 /* CMOpenALSound.m */ = {isa = PBXFileReference; fileEncoding = 4; lastKnownFileType = sourcecode.c.objc; path = CMOpenALSound.m; sourceTree = "<group>"; };
		69BE2BBC1B69BB5000D3ADA4 /* CMOpenALSoundManager.h */ = {isa = PBXFileReference; fileEncoding = 4; lastKnownFileType = sourcecode.c.h; path = CMOpenALSoundManager.h; sourceTree = "<group>"; };
		69BE2BBD1B69BB5000D3ADA4 /* CMOpenALSoundManager.m */ = {isa = PBXFileReference; fileEncoding = 4; lastKnownFileType = sourcecode.c.objc; path = CMOpenALSoundManager.m; sourceTree = "<group>"; };
		69BE2BBF1B69BB5000D3ADA4 /* DebugOutput.h */ = {isa = PBXFileReference; fileEncoding = 4; lastKnownFileType = sourcecode.c.h; path = DebugOutput.h; sourceTree = "<group>"; };
		69BE2BC01B69BB5000D3ADA4 /* DebugOutput.m */ = {isa = PBXFileReference; fileEncoding = 4; lastKnownFileType = sourcecode.c.objc; path = DebugOutput.m; sourceTree = "<group>"; };
		69BE2BC11B69BB5000D3ADA4 /* SynthesizeSingleton.h */ = {isa = PBXFileReference; fileEncoding = 4; lastKnownFileType = sourcecode.c.h; path = SynthesizeSingleton.h; sourceTree = "<group>"; };
		69BE2C0F1B69D40400D3ADA4 /* MeBase64.h */ = {isa = PBXFileReference; fileEncoding = 4; lastKnownFileType = sourcecode.c.h; path = MeBase64.h; sourceTree = "<group>"; };
		69BE2C101B69D40400D3ADA4 /* MeBase64.m */ = {isa = PBXFileReference; fileEncoding = 4; lastKnownFileType = sourcecode.c.objc; path = MeBase64.m; sourceTree = "<group>"; };
		69BE2C351B69F45D00D3ADA4 /* QiniuGTMBase64.h */ = {isa = PBXFileReference; fileEncoding = 4; lastKnownFileType = sourcecode.c.h; path = QiniuGTMBase64.h; sourceTree = "<group>"; };
		69BE2C361B69F45D00D3ADA4 /* QiniuGTMBase64.m */ = {isa = PBXFileReference; fileEncoding = 4; lastKnownFileType = sourcecode.c.objc; path = QiniuGTMBase64.m; sourceTree = "<group>"; };
/* End PBXFileReference section */

/* Begin PBXFrameworksBuildPhase section */
		6992782C1A2D6298007E0854 /* Frameworks */ = {
			isa = PBXFrameworksBuildPhase;
			buildActionMask = 2147483647;
			files = (
				699278D81A2D65B3007E0854 /* CoreGraphics.framework in Frameworks */,
				699278D61A2D65AE007E0854 /* Foundation.framework in Frameworks */,
				699278D41A2D65A4007E0854 /* UIKit.framework in Frameworks */,
			);
			runOnlyForDeploymentPostprocessing = 0;
		};
		699278371A2D6298007E0854 /* Frameworks */ = {
			isa = PBXFrameworksBuildPhase;
			buildActionMask = 2147483647;
			files = (
				6992783B1A2D6298007E0854 /* libVendors.a in Frameworks */,
			);
			runOnlyForDeploymentPostprocessing = 0;
		};
		699279C41A2DDD41007E0854 /* Frameworks */ = {
			isa = PBXFrameworksBuildPhase;
			buildActionMask = 2147483647;
			files = (
			);
			runOnlyForDeploymentPostprocessing = 0;
		};
/* End PBXFrameworksBuildPhase section */

/* Begin PBXGroup section */
		696FFDE31A2FF4BF00068C8E /* QiniuSDK */ = {
			isa = PBXGroup;
			children = (
				696FFDFA1A2FF5D000068C8E /* QiniuConfig.h */,
				696FFDFB1A2FF5D000068C8E /* QiniuPutExtra.h */,
				696FFDFC1A2FF5D000068C8E /* QiniuPutExtra.m */,
				696FFDFD1A2FF5D000068C8E /* QiniuPutPolicy.h */,
				696FFDFE1A2FF5D000068C8E /* QiniuPutPolicy.m */,
				696FFDFF1A2FF5D000068C8E /* QiniuSimpleUploader.h */,
				696FFE001A2FF5D000068C8E /* QiniuSimpleUploader.m */,
				696FFE011A2FF5D000068C8E /* QiniuUploadDelegate.h */,
				696FFE021A2FF5D000068C8E /* QiniuUtils.h */,
				696FFE031A2FF5D000068C8E /* QiniuUtils.m */,
			);
			path = QiniuSDK;
			sourceTree = "<group>";
		};
		696FFDEF1A2FF4C700068C8E /* JSONKit */ = {
			isa = PBXGroup;
			children = (
				696FFDF01A2FF4C700068C8E /* JSONKit.h */,
				696FFDF11A2FF4C700068C8E /* JSONKit.m */,
				696FFDF21A2FF4C700068C8E /* README.md */,
			);
			path = JSONKit;
			sourceTree = "<group>";
		};
		696FFDF51A2FF4D000068C8E /* GTMBase64 */ = {
			isa = PBXGroup;
			children = (
				696FFDF81A2FF4D000068C8E /* GTMDefines.h */,
				69BE2C351B69F45D00D3ADA4 /* QiniuGTMBase64.h */,
				69BE2C361B69F45D00D3ADA4 /* QiniuGTMBase64.m */,
			);
			path = GTMBase64;
			sourceTree = "<group>";
		};
		699278261A2D6298007E0854 = {
			isa = PBXGroup;
			children = (
				699278311A2D6298007E0854 /* Vendors */,
				6992783E1A2D6298007E0854 /* VendorsTests */,
				699279C81A2DDD41007E0854 /* VendorsResources */,
				699278D21A2D6527007E0854 /* Frameworks */,
				699278301A2D6298007E0854 /* Products */,
			);
			sourceTree = "<group>";
		};
		699278301A2D6298007E0854 /* Products */ = {
			isa = PBXGroup;
			children = (
				6992782F1A2D6298007E0854 /* libVendors.a */,
				6992783A1A2D6298007E0854 /* VendorsTests.xctest */,
				699279C71A2DDD41007E0854 /* VendorsResources.bundle */,
			);
			name = Products;
			sourceTree = "<group>";
		};
		699278311A2D6298007E0854 /* Vendors */ = {
			isa = PBXGroup;
			children = (
				699279611A2DB484007E0854 /* ASIHttpRequest */,
				6992797A1A2DB485007E0854 /* base64 */,
				6992797D1A2DB485007E0854 /* json-framework */,
				699279A61A2DBBA0007E0854 /* FFCache */,
				699279B01A2DC007007E0854 /* MultiLayerNavigation */,
				69AC4D081A2E9E26007CCEF6 /* OHAttributedLabel */,
				69AC4D171A2EA17C007CCEF6 /* OpenUDID */,
				69AC4D381A2EA614007CCEF6 /* tapkulibrary */,
				69BE2BB71B69BB5000D3ADA4 /* SoundEngine */,
				696FFDE31A2FF4BF00068C8E /* QiniuSDK */,
				696FFDEF1A2FF4C700068C8E /* JSONKit */,
				696FFDF51A2FF4D000068C8E /* GTMBase64 */,
				699278D11A2D64D1007E0854 /* Vendors-Prefix.pch */,
			);
			path = Vendors;
			sourceTree = "<group>";
		};
		6992783E1A2D6298007E0854 /* VendorsTests */ = {
			isa = PBXGroup;
			children = (
				6992783F1A2D6298007E0854 /* Supporting Files */,
			);
			path = VendorsTests;
			sourceTree = "<group>";
		};
		6992783F1A2D6298007E0854 /* Supporting Files */ = {
			isa = PBXGroup;
			children = (
				699278401A2D6298007E0854 /* Info.plist */,
			);
			name = "Supporting Files";
			sourceTree = "<group>";
		};
		699278D21A2D6527007E0854 /* Frameworks */ = {
			isa = PBXGroup;
			children = (
				699278D71A2D65B3007E0854 /* CoreGraphics.framework */,
				699278D51A2D65AE007E0854 /* Foundation.framework */,
				699278D31A2D65A4007E0854 /* UIKit.framework */,
			);
			name = Frameworks;
			sourceTree = "<group>";
		};
		699279611A2DB484007E0854 /* ASIHttpRequest */ = {
			isa = PBXGroup;
			children = (
				699279621A2DB484007E0854 /* ASIAuthenticationDialog.h */,
				699279631A2DB484007E0854 /* ASIAuthenticationDialog.m */,
				699279641A2DB484007E0854 /* ASICacheDelegate.h */,
				699279651A2DB484007E0854 /* ASIDataCompressor.h */,
				699279661A2DB484007E0854 /* ASIDataCompressor.m */,
				699279671A2DB484007E0854 /* ASIDataDecompressor.h */,
				699279681A2DB484007E0854 /* ASIDataDecompressor.m */,
				699279691A2DB484007E0854 /* ASIDownloadCache.h */,
				6992796A1A2DB484007E0854 /* ASIDownloadCache.m */,
				6992796B1A2DB484007E0854 /* ASIFormDataRequest.h */,
				6992796C1A2DB484007E0854 /* ASIFormDataRequest.m */,
				6992796D1A2DB484007E0854 /* ASIHTTPRequest.h */,
				6992796E1A2DB484007E0854 /* ASIHTTPRequest.m */,
				6992796F1A2DB484007E0854 /* ASIHTTPRequestConfig.h */,
				699279701A2DB484007E0854 /* ASIHTTPRequestDelegate.h */,
				699279711A2DB484007E0854 /* ASIInputStream.h */,
				699279721A2DB484007E0854 /* ASIInputStream.m */,
				699279731A2DB485007E0854 /* ASINetworkQueue.h */,
				699279741A2DB485007E0854 /* ASINetworkQueue.m */,
				699279751A2DB485007E0854 /* ASIProgressDelegate.h */,
				699279761A2DB485007E0854 /* GDataXMLNode.h */,
				699279771A2DB485007E0854 /* GDataXMLNode.m */,
				699279781A2DB485007E0854 /* Reachability.h */,
				699279791A2DB485007E0854 /* Reachability.m */,
			);
			path = ASIHttpRequest;
			sourceTree = "<group>";
		};
		6992797A1A2DB485007E0854 /* base64 */ = {
			isa = PBXGroup;
			children = (
				69BE2C0F1B69D40400D3ADA4 /* MeBase64.h */,
				69BE2C101B69D40400D3ADA4 /* MeBase64.m */,
			);
			path = base64;
			sourceTree = "<group>";
		};
		6992797D1A2DB485007E0854 /* json-framework */ = {
			isa = PBXGroup;
			children = (
				6992797E1A2DB485007E0854 /* JSON.h */,
				6992797F1A2DB485007E0854 /* NSObject+JSON.h */,
				699279801A2DB485007E0854 /* NSObject+JSON.m */,
				699279811A2DB485007E0854 /* SBJsonParser.h */,
				699279821A2DB485007E0854 /* SBJsonParser.m */,
				699279831A2DB485007E0854 /* SBJsonStreamParser.h */,
				699279841A2DB485007E0854 /* SBJsonStreamParser.m */,
				699279851A2DB485007E0854 /* SBJsonStreamParserAdapter.h */,
				699279861A2DB485007E0854 /* SBJsonStreamParserAdapter.m */,
				699279871A2DB485007E0854 /* SBJsonStreamParserState.h */,
				699279881A2DB485007E0854 /* SBJsonStreamParserState.m */,
				699279891A2DB485007E0854 /* SBJsonStreamWriter.h */,
				6992798A1A2DB485007E0854 /* SBJsonStreamWriter.m */,
				6992798B1A2DB485007E0854 /* SBJsonStreamWriterState.h */,
				6992798C1A2DB485007E0854 /* SBJsonStreamWriterState.m */,
				6992798D1A2DB485007E0854 /* SBJsonTokeniser.h */,
				6992798E1A2DB485007E0854 /* SBJsonTokeniser.m */,
				6992798F1A2DB485007E0854 /* SBJsonWriter.h */,
				699279901A2DB485007E0854 /* SBJsonWriter.m */,
			);
			path = "json-framework";
			sourceTree = "<group>";
		};
		699279A61A2DBBA0007E0854 /* FFCache */ = {
			isa = PBXGroup;
			children = (
				699279A71A2DBBA0007E0854 /* FFCache.h */,
				699279A81A2DBBA0007E0854 /* FFCache.m */,
			);
			path = FFCache;
			sourceTree = "<group>";
		};
		699279B01A2DC007007E0854 /* MultiLayerNavigation */ = {
			isa = PBXGroup;
			children = (
				699279B11A2DC007007E0854 /* leftside_shadow_bg@2x.png */,
				699279B21A2DC007007E0854 /* MLNavigationController.h */,
				699279B31A2DC007007E0854 /* MLNavigationController.m */,
			);
			path = MultiLayerNavigation;
			sourceTree = "<group>";
		};
		699279C81A2DDD41007E0854 /* VendorsResources */ = {
			isa = PBXGroup;
			children = (
				699279C91A2DDD41007E0854 /* Supporting Files */,
			);
			path = VendorsResources;
			sourceTree = "<group>";
		};
		699279C91A2DDD41007E0854 /* Supporting Files */ = {
			isa = PBXGroup;
			children = (
				699279CA1A2DDD41007E0854 /* Info.plist */,
			);
			name = "Supporting Files";
			sourceTree = "<group>";
		};
		69AC4D081A2E9E26007CCEF6 /* OHAttributedLabel */ = {
			isa = PBXGroup;
			children = (
				69AC4D091A2E9E26007CCEF6 /* LICENSE */,
				69AC4D0A1A2E9E26007CCEF6 /* NSAttributedString+Attributes.h */,
				69AC4D0B1A2E9E26007CCEF6 /* NSAttributedString+Attributes.m */,
				69AC4D0C1A2E9E26007CCEF6 /* OHAttributedLabel.h */,
				69AC4D0D1A2E9E26007CCEF6 /* OHAttributedLabel.m */,
				69AC4D0E1A2E9E26007CCEF6 /* README.md */,
			);
			path = OHAttributedLabel;
			sourceTree = "<group>";
		};
		69AC4D171A2EA17C007CCEF6 /* OpenUDID */ = {
			isa = PBXGroup;
			children = (
				69AC4D181A2EA17C007CCEF6 /* OpenUDID.h */,
				69AC4D191A2EA17C007CCEF6 /* OpenUDID.m */,
				69AC4D1A1A2EA17C007CCEF6 /* README.md */,
			);
			path = OpenUDID;
			sourceTree = "<group>";
		};
		69AC4D381A2EA614007CCEF6 /* tapkulibrary */ = {
			isa = PBXGroup;
			children = (
				69AC4D391A2EA614007CCEF6 /* Additions */,
				69AC4D3C1A2EA614007CCEF6 /* TKAlertCenter.h */,
				69AC4D3D1A2EA614007CCEF6 /* TKAlertCenter.m */,
			);
			path = tapkulibrary;
			sourceTree = "<group>";
		};
		69AC4D391A2EA614007CCEF6 /* Additions */ = {
			isa = PBXGroup;
			children = (
				69AC4D3A1A2EA614007CCEF6 /* UIView+TKCategory.h */,
				69AC4D3B1A2EA614007CCEF6 /* UIView+TKCategory.m */,
			);
			path = Additions;
			sourceTree = "<group>";
		};
		69BE2BB71B69BB5000D3ADA4 /* SoundEngine */ = {
			isa = PBXGroup;
			children = (
				69BE2BB81B69BB5000D3ADA4 /* AppleOpenALSupport.c */,
				69BE2BB91B69BB5000D3ADA4 /* AppleOpenALSupport.h */,
				69BE2BBA1B69BB5000D3ADA4 /* CMOpenALSound.h */,
				69BE2BBB1B69BB5000D3ADA4 /* CMOpenALSound.m */,
				69BE2BBC1B69BB5000D3ADA4 /* CMOpenALSoundManager.h */,
				69BE2BBD1B69BB5000D3ADA4 /* CMOpenALSoundManager.m */,
				69BE2BBE1B69BB5000D3ADA4 /* Debug */,
				69BE2BC11B69BB5000D3ADA4 /* SynthesizeSingleton.h */,
			);
			path = SoundEngine;
			sourceTree = "<group>";
		};
		69BE2BBE1B69BB5000D3ADA4 /* Debug */ = {
			isa = PBXGroup;
			children = (
				69BE2BBF1B69BB5000D3ADA4 /* DebugOutput.h */,
				69BE2BC01B69BB5000D3ADA4 /* DebugOutput.m */,
			);
			path = Debug;
			sourceTree = "<group>";
		};
/* End PBXGroup section */

/* Begin PBXNativeTarget section */
		6992782E1A2D6298007E0854 /* Vendors */ = {
			isa = PBXNativeTarget;
			buildConfigurationList = 699278431A2D6298007E0854 /* Build configuration list for PBXNativeTarget "Vendors" */;
			buildPhases = (
				6992782B1A2D6298007E0854 /* Sources */,
				6992782C1A2D6298007E0854 /* Frameworks */,
				6992782D1A2D6298007E0854 /* Copy Files */,
			);
			buildRules = (
			);
			dependencies = (
			);
			name = Vendors;
			productName = Vendors;
			productReference = 6992782F1A2D6298007E0854 /* libVendors.a */;
			productType = "com.apple.product-type.library.static";
		};
		699278391A2D6298007E0854 /* VendorsTests */ = {
			isa = PBXNativeTarget;
			buildConfigurationList = 699278461A2D6298007E0854 /* Build configuration list for PBXNativeTarget "VendorsTests" */;
			buildPhases = (
				699278361A2D6298007E0854 /* Sources */,
				699278371A2D6298007E0854 /* Frameworks */,
				699278381A2D6298007E0854 /* Resources */,
			);
			buildRules = (
			);
			dependencies = (
				6992783D1A2D6298007E0854 /* PBXTargetDependency */,
			);
			name = VendorsTests;
			productName = VendorsTests;
			productReference = 6992783A1A2D6298007E0854 /* VendorsTests.xctest */;
			productType = "com.apple.product-type.bundle.unit-test";
		};
		699279C61A2DDD41007E0854 /* VendorsResources */ = {
			isa = PBXNativeTarget;
			buildConfigurationList = 699279CB1A2DDD41007E0854 /* Build configuration list for PBXNativeTarget "VendorsResources" */;
			buildPhases = (
				699279C31A2DDD41007E0854 /* Sources */,
				699279C41A2DDD41007E0854 /* Frameworks */,
				699279C51A2DDD41007E0854 /* Resources */,
			);
			buildRules = (
			);
			dependencies = (
			);
			name = VendorsResources;
			productName = VendorsResources;
			productReference = 699279C71A2DDD41007E0854 /* VendorsResources.bundle */;
			productType = "com.apple.product-type.bundle";
		};
/* End PBXNativeTarget section */

/* Begin PBXProject section */
		699278271A2D6298007E0854 /* Project object */ = {
			isa = PBXProject;
			attributes = {
				LastUpgradeCheck = 0610;
				ORGANIZATIONNAME = LiXiangCheng;
				TargetAttributes = {
					6992782E1A2D6298007E0854 = {
						CreatedOnToolsVersion = 6.1;
					};
					699278391A2D6298007E0854 = {
						CreatedOnToolsVersion = 6.1;
						DevelopmentTeam = PB4R6SRH6A;
					};
					699279C61A2DDD41007E0854 = {
						CreatedOnToolsVersion = 6.1;
					};
				};
			};
			buildConfigurationList = 6992782A1A2D6298007E0854 /* Build configuration list for PBXProject "Vendors" */;
			compatibilityVersion = "Xcode 3.2";
			developmentRegion = English;
			hasScannedForEncodings = 0;
			knownRegions = (
				en,
				da,
				"es-ES",
				es,
				fr,
				"zh-Hans",
				"zh-Hant",
			);
			mainGroup = 699278261A2D6298007E0854;
			productRefGroup = 699278301A2D6298007E0854 /* Products */;
			projectDirPath = "";
			projectRoot = "";
			targets = (
				6992782E1A2D6298007E0854 /* Vendors */,
				699279C61A2DDD41007E0854 /* VendorsResources */,
				699278391A2D6298007E0854 /* VendorsTests */,
			);
		};
/* End PBXProject section */

/* Begin PBXResourcesBuildPhase section */
		699278381A2D6298007E0854 /* Resources */ = {
			isa = PBXResourcesBuildPhase;
			buildActionMask = 2147483647;
			files = (
			);
			runOnlyForDeploymentPostprocessing = 0;
		};
		699279C51A2DDD41007E0854 /* Resources */ = {
			isa = PBXResourcesBuildPhase;
			buildActionMask = 2147483647;
			files = (
				69AC4D061A2E9B15007CCEF6 /* leftside_shadow_bg@2x.png in Resources */,
			);
			runOnlyForDeploymentPostprocessing = 0;
		};
/* End PBXResourcesBuildPhase section */

/* Begin PBXSourcesBuildPhase section */
		6992782B1A2D6298007E0854 /* Sources */ = {
			isa = PBXSourcesBuildPhase;
			buildActionMask = 2147483647;
			files = (
				69AC4D0F1A2E9E26007CCEF6 /* NSAttributedString+Attributes.m in Sources */,
				699279981A2DB485007E0854 /* ASINetworkQueue.m in Sources */,
				699279A41A2DB485007E0854 /* SBJsonWriter.m in Sources */,
				699279A91A2DBBA0007E0854 /* FFCache.m in Sources */,
				696FFE061A2FF5D000068C8E /* QiniuSimpleUploader.m in Sources */,
				699279951A2DB485007E0854 /* ASIFormDataRequest.m in Sources */,
				699279921A2DB485007E0854 /* ASIDataCompressor.m in Sources */,
				699279911A2DB485007E0854 /* ASIAuthenticationDialog.m in Sources */,
				6992799D1A2DB485007E0854 /* SBJsonParser.m in Sources */,
				6992799A1A2DB485007E0854 /* Reachability.m in Sources */,
				699279A11A2DB485007E0854 /* SBJsonStreamWriter.m in Sources */,
				699279941A2DB485007E0854 /* ASIDownloadCache.m in Sources */,
				699279991A2DB485007E0854 /* GDataXMLNode.m in Sources */,
				699279A21A2DB485007E0854 /* SBJsonStreamWriterState.m in Sources */,
				6992799C1A2DB485007E0854 /* NSObject+JSON.m in Sources */,
				699279A31A2DB485007E0854 /* SBJsonTokeniser.m in Sources */,
				699279B41A2DC007007E0854 /* MLNavigationController.m in Sources */,
				696FFDF31A2FF4C700068C8E /* JSONKit.m in Sources */,
				696FFE071A2FF5D000068C8E /* QiniuUtils.m in Sources */,
				699279931A2DB485007E0854 /* ASIDataDecompressor.m in Sources */,
				6992799F1A2DB485007E0854 /* SBJsonStreamParserAdapter.m in Sources */,
				69AC4D3E1A2EA615007CCEF6 /* UIView+TKCategory.m in Sources */,
				69AC4D3F1A2EA615007CCEF6 /* TKAlertCenter.m in Sources */,
				6992799E1A2DB485007E0854 /* SBJsonStreamParser.m in Sources */,
				696FFE041A2FF5D000068C8E /* QiniuPutExtra.m in Sources */,
				699279A01A2DB485007E0854 /* SBJsonStreamParserState.m in Sources */,
				69AC4D101A2E9E26007CCEF6 /* OHAttributedLabel.m in Sources */,
				699279961A2DB485007E0854 /* ASIHTTPRequest.m in Sources */,
				696FFE051A2FF5D000068C8E /* QiniuPutPolicy.m in Sources */,
				699279971A2DB485007E0854 /* ASIInputStream.m in Sources */,
				69AC4D1B1A2EA17C007CCEF6 /* OpenUDID.m in Sources */,
				69BE2BD51B69BE4900D3ADA4 /* AppleOpenALSupport.c in Sources */,
				69BE2BD71B69BE5400D3ADA4 /* CMOpenALSound.m in Sources */,
				69BE2BD81B69BE5700D3ADA4 /* CMOpenALSoundManager.m in Sources */,
				69BE2BD91B69BE5D00D3ADA4 /* DebugOutput.m in Sources */,
				69BE2C111B69D40400D3ADA4 /* MeBase64.m in Sources */,
				69BE2C371B69F45D00D3ADA4 /* QiniuGTMBase64.m in Sources */,
			);
			runOnlyForDeploymentPostprocessing = 0;
		};
		699278361A2D6298007E0854 /* Sources */ = {
			isa = PBXSourcesBuildPhase;
			buildActionMask = 2147483647;
			files = (
			);
			runOnlyForDeploymentPostprocessing = 0;
		};
		699279C31A2DDD41007E0854 /* Sources */ = {
			isa = PBXSourcesBuildPhase;
			buildActionMask = 2147483647;
			files = (
			);
			runOnlyForDeploymentPostprocessing = 0;
		};
/* End PBXSourcesBuildPhase section */

/* Begin PBXTargetDependency section */
		6992783D1A2D6298007E0854 /* PBXTargetDependency */ = {
			isa = PBXTargetDependency;
			target = 6992782E1A2D6298007E0854 /* Vendors */;
			targetProxy = 6992783C1A2D6298007E0854 /* PBXContainerItemProxy */;
		};
/* End PBXTargetDependency section */

/* Begin XCBuildConfiguration section */
		699278411A2D6298007E0854 /* Debug */ = {
			isa = XCBuildConfiguration;
			buildSettings = {
				ALWAYS_SEARCH_USER_PATHS = NO;
				CLANG_CXX_LANGUAGE_STANDARD = "compiler-default";
				CLANG_CXX_LIBRARY = "compiler-default";
				CLANG_ENABLE_MODULES = YES;
				CLANG_ENABLE_OBJC_ARC = NO;
				CLANG_WARN_BOOL_CONVERSION = YES;
				CLANG_WARN_CONSTANT_CONVERSION = YES;
				CLANG_WARN_DIRECT_OBJC_ISA_USAGE = YES_ERROR;
				CLANG_WARN_EMPTY_BODY = YES;
				CLANG_WARN_ENUM_CONVERSION = YES;
				CLANG_WARN_INT_CONVERSION = YES;
				CLANG_WARN_OBJC_ROOT_CLASS = YES_ERROR;
				CLANG_WARN_UNREACHABLE_CODE = YES;
				CLANG_WARN__DUPLICATE_METHOD_MATCH = YES;
				COPY_PHASE_STRIP = NO;
				ENABLE_STRICT_OBJC_MSGSEND = YES;
				GCC_C_LANGUAGE_STANDARD = gnu99;
				GCC_DYNAMIC_NO_PIC = NO;
				GCC_OPTIMIZATION_LEVEL = 0;
				GCC_PREPROCESSOR_DEFINITIONS = (
					"DEBUG=1",
					"$(inherited)",
				);
				GCC_SYMBOLS_PRIVATE_EXTERN = NO;
				GCC_WARN_64_TO_32_BIT_CONVERSION = YES;
				GCC_WARN_ABOUT_RETURN_TYPE = YES_ERROR;
				GCC_WARN_UNDECLARED_SELECTOR = YES;
				GCC_WARN_UNINITIALIZED_AUTOS = NO;
				GCC_WARN_UNUSED_FUNCTION = YES;
				GCC_WARN_UNUSED_VARIABLE = YES;
				IPHONEOS_DEPLOYMENT_TARGET = 6.0;
				MTL_ENABLE_DEBUG_INFO = YES;
				ONLY_ACTIVE_ARCH = YES;
				SDKROOT = iphoneos;
				TARGETED_DEVICE_FAMILY = 1;
			};
			name = Debug;
		};
		699278421A2D6298007E0854 /* Release */ = {
			isa = XCBuildConfiguration;
			buildSettings = {
				ALWAYS_SEARCH_USER_PATHS = NO;
				CLANG_CXX_LANGUAGE_STANDARD = "compiler-default";
				CLANG_CXX_LIBRARY = "compiler-default";
				CLANG_ENABLE_MODULES = YES;
				CLANG_ENABLE_OBJC_ARC = NO;
				CLANG_WARN_BOOL_CONVERSION = YES;
				CLANG_WARN_CONSTANT_CONVERSION = YES;
				CLANG_WARN_DIRECT_OBJC_ISA_USAGE = YES_ERROR;
				CLANG_WARN_EMPTY_BODY = YES;
				CLANG_WARN_ENUM_CONVERSION = YES;
				CLANG_WARN_INT_CONVERSION = YES;
				CLANG_WARN_OBJC_ROOT_CLASS = YES_ERROR;
				CLANG_WARN_UNREACHABLE_CODE = YES;
				CLANG_WARN__DUPLICATE_METHOD_MATCH = YES;
				COPY_PHASE_STRIP = YES;
				ENABLE_NS_ASSERTIONS = NO;
				ENABLE_STRICT_OBJC_MSGSEND = YES;
				GCC_C_LANGUAGE_STANDARD = gnu99;
				GCC_WARN_64_TO_32_BIT_CONVERSION = YES;
				GCC_WARN_ABOUT_RETURN_TYPE = YES_ERROR;
				GCC_WARN_UNDECLARED_SELECTOR = YES;
				GCC_WARN_UNINITIALIZED_AUTOS = NO;
				GCC_WARN_UNUSED_FUNCTION = YES;
				GCC_WARN_UNUSED_VARIABLE = YES;
				IPHONEOS_DEPLOYMENT_TARGET = 6.0;
				MTL_ENABLE_DEBUG_INFO = NO;
				SDKROOT = iphoneos;
				TARGETED_DEVICE_FAMILY = 1;
				VALIDATE_PRODUCT = YES;
			};
			name = Release;
		};
		699278441A2D6298007E0854 /* Debug */ = {
			isa = XCBuildConfiguration;
			buildSettings = {
				ALWAYS_SEARCH_USER_PATHS = NO;
				CLANG_CXX_LANGUAGE_STANDARD = "compiler-default";
				CLANG_CXX_LIBRARY = "compiler-default";
				GCC_PRECOMPILE_PREFIX_HEADER = YES;
				GCC_PREFIX_HEADER = "Vendors/Vendors-Prefix.pch";
				GCC_WARN_UNUSED_FUNCTION = NO;
				HEADER_SEARCH_PATHS = (
					/usr/include/libxml2,
					./Vendors,
					./Vendors/ASIHttpRequest,
					./Vendors/base64,
					"./Vendors/json-framework",
					./Vendors/FFCache,
					./Vendors/MultiLayerNavigation,
					./Vendors/OHAttributedLabel,
					./Vendors/OpenUDID,
					./Vendors/tapkulibrary,
					./Vendors/tapkulibrary/Additions,
					./Vendors/SoundEngine,
					./Vendors/SoundEngine/Debug,
					./Vendors/QiniuSDK,
					./Vendors/JSONKit,
					./Vendors/GTMBase64,
				);
				LIBRARY_SEARCH_PATHS = "$(inherited)";
				OTHER_LDFLAGS = "-ObjC";
				PRODUCT_NAME = "$(TARGET_NAME)";
				SKIP_INSTALL = YES;
			};
			name = Debug;
		};
		699278451A2D6298007E0854 /* Release */ = {
			isa = XCBuildConfiguration;
			buildSettings = {
				ALWAYS_SEARCH_USER_PATHS = NO;
				CLANG_CXX_LANGUAGE_STANDARD = "compiler-default";
				CLANG_CXX_LIBRARY = "compiler-default";
				GCC_PRECOMPILE_PREFIX_HEADER = YES;
				GCC_PREFIX_HEADER = "Vendors/Vendors-Prefix.pch";
				GCC_WARN_UNUSED_FUNCTION = NO;
				HEADER_SEARCH_PATHS = (
					/usr/include/libxml2,
					./Vendors,
					./Vendors/ASIHttpRequest,
					./Vendors/base64,
					"./Vendors/json-framework",
					./Vendors/FFCache,
					./Vendors/MultiLayerNavigation,
					./Vendors/OHAttributedLabel,
					./Vendors/OpenUDID,
					./Vendors/tapkulibrary,
					./Vendors/tapkulibrary/Additions,
					./Vendors/SoundEngine,
					./Vendors/SoundEngine/Debug,
					./Vendors/QiniuSDK,
					./Vendors/JSONKit,
					./Vendors/GTMBase64,
				);
				LIBRARY_SEARCH_PATHS = "$(inherited)";
				OTHER_LDFLAGS = "-ObjC";
				PRODUCT_NAME = "$(TARGET_NAME)";
				SKIP_INSTALL = YES;
			};
			name = Release;
		};
		699278471A2D6298007E0854 /* Debug */ = {
			isa = XCBuildConfiguration;
			buildSettings = {
				CODE_SIGN_IDENTITY = "iPhone Developer";
				"CODE_SIGN_IDENTITY[sdk=iphoneos*]" = "iPhone Developer";
				FRAMEWORK_SEARCH_PATHS = (
					"$(SDKROOT)/Developer/Library/Frameworks",
					"$(inherited)",
				);
				GCC_PREPROCESSOR_DEFINITIONS = (
					"DEBUG=1",
					"$(inherited)",
				);
				INFOPLIST_FILE = VendorsTests/Info.plist;
				LD_RUNPATH_SEARCH_PATHS = "$(inherited) @executable_path/Frameworks @loader_path/Frameworks";
				PRODUCT_NAME = "$(TARGET_NAME)";
				PROVISIONING_PROFILE = "";
			};
			name = Debug;
		};
		699278481A2D6298007E0854 /* Release */ = {
			isa = XCBuildConfiguration;
			buildSettings = {
				CODE_SIGN_IDENTITY = "iPhone Developer";
				"CODE_SIGN_IDENTITY[sdk=iphoneos*]" = "iPhone Developer";
				FRAMEWORK_SEARCH_PATHS = (
					"$(SDKROOT)/Developer/Library/Frameworks",
					"$(inherited)",
				);
				INFOPLIST_FILE = VendorsTests/Info.plist;
				LD_RUNPATH_SEARCH_PATHS = "$(inherited) @executable_path/Frameworks @loader_path/Frameworks";
				PRODUCT_NAME = "$(TARGET_NAME)";
				PROVISIONING_PROFILE = "";
			};
			name = Release;
		};
		699279CC1A2DDD41007E0854 /* Debug */ = {
			isa = XCBuildConfiguration;
			buildSettings = {
				CLANG_ENABLE_OBJC_ARC = YES;
				COMBINE_HIDPI_IMAGES = YES;
				GCC_PREPROCESSOR_DEFINITIONS = (
					"DEBUG=1",
					"$(inherited)",
				);
				GCC_WARN_UNINITIALIZED_AUTOS = YES_AGGRESSIVE;
				INFOPLIST_FILE = VendorsResources/Info.plist;
				INSTALL_PATH = "$(LOCAL_LIBRARY_DIR)/Bundles";
				MACOSX_DEPLOYMENT_TARGET = 10.10;
				PRODUCT_NAME = "$(TARGET_NAME)";
				SDKROOT = iphoneos;
				SKIP_INSTALL = YES;
				TARGETED_DEVICE_FAMILY = 1;
				WRAPPER_EXTENSION = bundle;
			};
			name = Debug;
		};
		699279CD1A2DDD41007E0854 /* Release */ = {
			isa = XCBuildConfiguration;
			buildSettings = {
				CLANG_ENABLE_OBJC_ARC = YES;
				COMBINE_HIDPI_IMAGES = YES;
				DEBUG_INFORMATION_FORMAT = "dwarf-with-dsym";
				GCC_WARN_UNINITIALIZED_AUTOS = YES_AGGRESSIVE;
				INFOPLIST_FILE = VendorsResources/Info.plist;
				INSTALL_PATH = "$(LOCAL_LIBRARY_DIR)/Bundles";
				MACOSX_DEPLOYMENT_TARGET = 10.10;
				PRODUCT_NAME = "$(TARGET_NAME)";
				SDKROOT = iphoneos;
				SKIP_INSTALL = YES;
				TARGETED_DEVICE_FAMILY = 1;
				WRAPPER_EXTENSION = bundle;
			};
			name = Release;
		};
/* End XCBuildConfiguration section */

/* Begin XCConfigurationList section */
		6992782A1A2D6298007E0854 /* Build configuration list for PBXProject "Vendors" */ = {
			isa = XCConfigurationList;
			buildConfigurations = (
				699278411A2D6298007E0854 /* Debug */,
				699278421A2D6298007E0854 /* Release */,
			);
			defaultConfigurationIsVisible = 0;
			defaultConfigurationName = Release;
		};
		699278431A2D6298007E0854 /* Build configuration list for PBXNativeTarget "Vendors" */ = {
			isa = XCConfigurationList;
			buildConfigurations = (
				699278441A2D6298007E0854 /* Debug */,
				699278451A2D6298007E0854 /* Release */,
			);
			defaultConfigurationIsVisible = 0;
			defaultConfigurationName = Release;
		};
		699278461A2D6298007E0854 /* Build configuration list for PBXNativeTarget "VendorsTests" */ = {
			isa = XCConfigurationList;
			buildConfigurations = (
				699278471A2D6298007E0854 /* Debug */,
				699278481A2D6298007E0854 /* Release */,
			);
			defaultConfigurationIsVisible = 0;
			defaultConfigurationName = Release;
		};
		699279CB1A2DDD41007E0854 /* Build configuration list for PBXNativeTarget "VendorsResources" */ = {
			isa = XCConfigurationList;
			buildConfigurations = (
				699279CC1A2DDD41007E0854 /* Debug */,
				699279CD1A2DDD41007E0854 /* Release */,
			);
			defaultConfigurationIsVisible = 0;
			defaultConfigurationName = Release;
		};
/* End XCConfigurationList section */
	};
	rootObject = 699278271A2D6298007E0854 /* Project object */;
}
